{
  "version": "5",
  "redirects": {
    "https://esm.sh/@supabase/supabase-js@2": "https://esm.sh/@supabase/supabase-js@2.112.3",
    "https://esm.sh/@types/react@~19.0.7/index.d.ts": "https://esm.sh/@types/react@19.0.14/index.d.ts",
    "https://esm.sh/camelize@^1.0.0?target=denonext": "https://esm.sh/camelize@1.0.1?target=denonext",
    "https://esm.sh/color-name@^1.1.4?target=denonext": "https://esm.sh/color-name@1.1.4?target=denonext",
    "https://esm.sh/css-background-parser@^0.1.0?target=denonext": "https://esm.sh/css-background-parser@0.1.0?target=denonext",
    "https://esm.sh/css-color-keywords@^1.0.0?target=denonext": "https://esm.sh/css-color-keywords@1.0.0?target=denonext",
    "https://esm.sh/css-to-react-native@^3.0.0?target=denonext": "https://esm.sh/css-to-react-native@3.2.0?target=denonext",
    "https://esm.sh/escape-html@^1.0.3?target=denonext": "https://esm.sh/escape-html@1.0.3?target=denonext",
    "https://esm.sh/hex-rgb@^4.1.0?target=denonext": "https://esm.sh/hex-rgb@4.3.0?target=denonext",
    "https://esm.sh/iceberg-js@^0.8.1?target=denonext": "https://esm.sh/iceberg-js@0.8.1?target=denonext",
    "https://esm.sh/linebreak@^1.1.0?target=denonext": "https://esm.sh/linebreak@1.1.0?target=denonext",
    "https://esm.sh/parse-css-color@^0.2.1?target=denonext": "https://esm.sh/parse-css-color@0.2.1?target=denonext",
    "https://esm.sh/postcss-value-parser@^4.0.2?target=denonext": "https://esm.sh/postcss-value-parser@4.2.0?target=denonext",
    "https://esm.sh/postcss-value-parser@^4.2.0?target=denonext": "https://esm.sh/postcss-value-parser@4.2.0?target=denonext",
    "https://esm.sh/tiny-inflate@^1.0.0?target=denonext": "https://esm.sh/tiny-inflate@1.0.3?target=denonext",
    "https://esm.sh/unicode-trie@^2.0.0?target=denonext": "https://esm.sh/unicode-trie@2.0.0?target=denonext",
    "https://esm.sh/yoga-wasm-web@^0.3.3/asm?target=denonext": "https://esm.sh/yoga-wasm-web@0.3.3/asm?target=denonext"
  },
  "remote": {
    "https://deno.land/std@0.168.0/async/abortable.ts": "80b2ac399f142cc528f95a037a7d0e653296352d95c681e284533765961de409",
    "https://deno.land/std@0.168.0/async/deadline.ts": "2c2deb53c7c28ca1dda7a3ad81e70508b1ebc25db52559de6b8636c9278fd41f",
    "https://deno.land/std@0.168.0/async/debounce.ts": "60301ffb37e730cd2d6f9dadfd0ecb2a38857681bd7aaf6b0a106b06e5210a98",
    "https://deno.land/std@0.168.0/async/deferred.ts": "77d3f84255c3627f1cc88699d8472b664d7635990d5358c4351623e098e917d6",
    "https://deno.land/std@0.168.0/async/delay.ts": "5a9bfba8de38840308a7a33786a0155a7f6c1f7a859558ddcec5fe06e16daf57",
    "https://deno.land/std@0.168.0/async/mod.ts": "7809ad4bb223e40f5fdc043e5c7ca04e0e25eed35c32c3c32e28697c553fa6d9",
    "https://deno.land/std@0.168.0/async/mux_async_iterator.ts": "770a0ff26c59f8bbbda6b703a2235f04e379f73238e8d66a087edc68c2a2c35f",
    "https://deno.land/std@0.168.0/async/pool.ts": "6854d8cd675a74c73391c82005cbbe4cc58183bddcd1fbbd7c2bcda42b61cf69",
    "https://deno.land/std@0.168.0/async/retry.ts": "e8e5173623915bbc0ddc537698fa418cf875456c347eda1ed453528645b42e67",
    "https://deno.land/std@0.168.0/async/tee.ts": "3a47cc4e9a940904fd4341f0224907e199121c80b831faa5ec2b054c6d2eff5e",
    "https://deno.land/std@0.168.0/http/server.ts": "e99c1bee8a3f6571ee4cdeb2966efad465b8f6fe62bec1bdb59c1f007cc4d155",
    "https://esm.sh/@resvg/resvg-wasm@2.6.0": "3749b437cb0f73bfdbbb3d676f727b6ce33beac52adcc6de175882904e520a1d",
    "https://esm.sh/@resvg/resvg-wasm@2.6.0/denonext/resvg-wasm.mjs": "d04ddd054a9d43b96ebe3d77856686ac20337dc2e4910623a1c662f919924f7d",
    "https://esm.sh/@shuding/opentype.js@1.4.0-beta.0/denonext/opentype.mjs": "0cca60bf1cda5c6e059b03a623c2250a968b94dc04df9daabb2748a90d140cba",
    "https://esm.sh/@supabase/auth-js@2.112.3/denonext/auth-js.mjs": "aef62c72178112ff2d0106d9418d6f40e811a9967a55d9cbf88000ada0525ab7",
    "https://esm.sh/@supabase/functions-js@2.112.3/denonext/functions-js.mjs": "ce408d1254a08ce23746fec5a186f97d1af7b60a8ee3f3d989078953fff64533",
    "https://esm.sh/@supabase/phoenix@0.4.5/denonext/phoenix.mjs": "40bd2a70829cd847848baac58e635bacd83fd62188f6624b44e2c295341004eb",
    "https://esm.sh/@supabase/postgrest-js@2.112.3/denonext/postgrest-js.mjs": "afc43bf63bc66d42d2be9b3620f5ebc6a4cfadb44ed33bb7c6f6f86e351889f8",
    "https://esm.sh/@supabase/realtime-js@2.112.3/denonext/realtime-js.mjs": "6a404d084080a2ccc860b15887f640f7d89b564597b9ac8de8b3211fad93d47d",
    "https://esm.sh/@supabase/storage-js@2.112.3/denonext/storage-js.mjs": "e2073d5010e5e90e34bff604f710f09249de544030605963bb5d04640e22d1a0",
    "https://esm.sh/@supabase/supabase-js@2.112.3": "f6b9130984301066587e8917dfab3b3d60be47dc966bd3d04c733bc9423c1cf9",
    "https://esm.sh/@supabase/supabase-js@2.112.3/denonext/dist/tracingRegistry.mjs": "2e0f9f6da49144408ffdca4af7b92a99bc09f73b7334b11ffd85e47df76d379d",
    "https://esm.sh/@supabase/supabase-js@2.112.3/denonext/supabase-js.mjs": "546d90fcc225da82acc3cd383db2f0a9301ff67b156d3e0638923830804c1d30",
    "https://esm.sh/base64-js@0.0.8/denonext/base64-js.mjs": "c8210e137f5e9247dceb81535ad2e5145e0de3645518546a6b90b59d70ada011",
    "https://esm.sh/camelize@1.0.1/denonext/camelize.mjs": "c452bfdf56eff2485fc036727bf1513ccd998b5bf7b8017528f4c6001804e4a5",
    "https://esm.sh/camelize@1.0.1?target=denonext": "e16d00a4fb85e08deaee10963089b5817fb7171023039f0fe7b0239124fc0eb2",
    "https://esm.sh/color-name@1.1.4/denonext/color-name.mjs": "3b5b10fc0cd9f96d56c81cc7559a2106ff64a401a8100cd33e1f4b68e677c562",
    "https://esm.sh/color-name@1.1.4?target=denonext": "55709266f414e5115ac52d6831ba4951f7c8b9ac663f0f79ddc8ed782b4fb735",
    "https://esm.sh/css-background-parser@0.1.0/denonext/css-background-parser.mjs": "3781ddec25c0bd9f1243e76eec40fed5a5bbd7cd3fa14e273118139b30755155",
    "https://esm.sh/css-background-parser@0.1.0?target=denonext": "51a9834cd6ece8955d562351954d05e5927af96f1ff1a8323b937a3be01c4c0c",
    "https://esm.sh/css-box-shadow@1.0.0-3/denonext/css-box-shadow.mjs": "2cc6d39ea4de5d510796d35157bce82471702718450823b5bca8b9b31f0763ee",
    "https://esm.sh/css-color-keywords@1.0.0/denonext/css-color-keywords.mjs": "d795d2fc4a7d7fe912a5af38452784fae2acd8de914312dec5bf57e5d4efb499",
    "https://esm.sh/css-color-keywords@1.0.0?target=denonext": "fd7991fb5cf8004537c98242891251be3de36ee18c8a50191fec4d7e287ec5cc",
    "https://esm.sh/css-to-react-native@3.2.0/denonext/css-to-react-native.mjs": "14569a049a27ac1ce66380c82ad340b7f73ae329e007d342ab5221e6c41e4a30",
    "https://esm.sh/css-to-react-native@3.2.0?target=denonext": "8a1e9a0a89f453e1be791e1f660af19bfc7e2ef44f3d843a021c9e4d61355fb8",
    "https://esm.sh/escape-html@1.0.3/denonext/escape-html.mjs": "7d528edd50eaa87731b12051002ab2ecdf25c68130c79828204bfc24705c165d",
    "https://esm.sh/escape-html@1.0.3?target=denonext": "2ed5baeaf5ded2428093b5f18efe7073cc65a2403c4885f65f3c1d3345d2ed8b",
    "https://esm.sh/hex-rgb@4.3.0/denonext/hex-rgb.mjs": "9453500c9f73a6e1dca1a64ad3f97e720b6a43792853244aaa7db8e6b99157f1",
    "https://esm.sh/hex-rgb@4.3.0?target=denonext": "5c881c644ae6f0001621d0ea0b3a92e59735b1fb2385d283d02a3a91a0fd9e77",
    "https://esm.sh/iceberg-js@0.8.1/denonext/iceberg-js.mjs": "d839d81a2e3966500ca2cdd0c1cb458e9608bacfc91f7bb67a69b2e878dcdb4f",
    "https://esm.sh/iceberg-js@0.8.1?target=denonext": "58c849d7fe2bf4eca4a84eb501e83c161a7d8c34ca1bec15a962b3bec3062633",
    "https://esm.sh/linebreak@1.1.0/denonext/linebreak.mjs": "cd27398cd76dd42771ff8a224a637884c7921af06cea71937ed9a77df98ae954",
    "https://esm.sh/linebreak@1.1.0?target=denonext": "3348208f472aeb6c1b66d784463da674fab1d203f92aa7b1f91e38b52ddb3b16",
    "https://esm.sh/parse-css-color@0.2.1/denonext/parse-css-color.mjs": "2c93541e27edc1bdb9835a0e66f14d6e78a675e6a69e69ab2e3555898789c243",
    "https://esm.sh/parse-css-color@0.2.1?target=denonext": "3c18482e51a896207a32b154fe4a44f4cd229631d88d9f5feba6beb763904f84",
    "https://esm.sh/postcss-value-parser@4.2.0/denonext/postcss-value-parser.mjs": "2734c0eb4eb5e6a9905fb179ed2f329a346ac076735dbf0bc889276cbfe952bc",
    "https://esm.sh/postcss-value-parser@4.2.0?target=denonext": "f11ba11f7fe1a5768433011193e133bf80a697154aab65f582bf653305a571d1",
    "https://esm.sh/satori@0.10.13": "466fce1889e84dd813f3822553929ae44bc6020c1b7c448776bfa1bd90126936",
    "https://esm.sh/satori@0.10.13/denonext/satori.mjs": "52dc32f6d9bafb1d4cccb44e2ae5800969ce01c60a776e340befd8d06e15ffa5",
    "https://esm.sh/tiny-inflate@1.0.3/denonext/tiny-inflate.mjs": "1b04f32ea95b17d5681d67ae3aaabe5f2eff6c2fc18f0acb6beceb9ef350b14f",
    "https://esm.sh/tiny-inflate@1.0.3?target=denonext": "6a34143de11788c63e5c2af653bd50c3073cbd076ea3692101cbf01a86572725",
    "https://esm.sh/tslib@2.8.1/denonext/tslib.mjs": "c38da5dd6da6281964435002ce204cd586634fe3bdfb24a0ee116f48cf3292e9",
    "https://esm.sh/unicode-trie@2.0.0/denonext/unicode-trie.mjs": "d1fac9aba42e42df1de8bd22ebe51d6f81b06e6a4bd9ec608d0e8a3d72b8cbf8",
    "https://esm.sh/unicode-trie@2.0.0?target=denonext": "97efcdc8ab9affa26453c8c981b7a05c1aae6f1ef3dc992ddb69244476caacfa",
    "https://esm.sh/yoga-wasm-web@0.3.3/asm?target=denonext": "4bf203af38720ceb4b8819b5ab7021ea742af638e14b4bfb9a44d3aa0628bb9f",
    "https://esm.sh/yoga-wasm-web@0.3.3/denonext/asm.mjs": "3d90d9b2fdc20b13edf7448b0e052c5452583652e2378d0c339dc13a798755ae",
    "https://esm.sh/yoga-wasm-web@0.3.3/denonext/dist/wrapAsm-f766f97f.mjs": "d05bfe075aca55d08d2ecc56f20aa8ced8638b752cdc122e19c46ff8bfb6762e"
  },
  "workspace": {
    "packageJson": {
      "dependencies": [
        "npm:@types/react-dom@^18.3.5",
        "npm:@types/react@^18.3.18",
        "npm:@vitejs/plugin-react@^4.3.4",
        "npm:autoprefixer@^10.4.20",
        "npm:clsx@^2.1.1",
        "npm:lucide-react@0.475",
        "npm:motion@^12.4.7",
        "npm:postcss@^8.5.2",
        "npm:react-dom@^18.3.1",
        "npm:react@^18.3.1",
        "npm:tailwind-merge@^3.0.1",
        "npm:tailwindcss@^3.4.17",
        "npm:typescript@^5.7.3",
        "npm:vite@^6.1.0"
      ]
    }
  }
}
